
Microsoft Visual Studio Solution File, Format Version 12.00
# Visual Studio 15
VisualStudioVersion = 15.0.28307.421
MinimumVisualStudioVersion = 10.0.40219.1
Project("{FAE04EC0-301F-11D3-BF4B-00C04F79EFBC}") = "CLASE_26_MARZO", "CLASE_26_MARZO\CLASE_26_MARZO.csproj", "{5813B0FA-D27C-45E4-8241-150D21A2B24F}"
EndProject
Project("{FAE04EC0-301F-11D3-BF4B-00C04F79EFBC}") = "OPERACONES", "OPERACONES\OPERACONES.csproj", "{452DF841-7A3E-42CE-81A3-EE3690393F24}"
EndProject
Global
	GlobalSection(SolutionConfigurationPlatforms) = preSolution
		Debug|Any CPU = Debug|Any CPU
		Release|Any CPU = Release|Any CPU
	EndGlobalSection
	GlobalSection(ProjectConfigurationPlatforms) = postSolution
		{5813B0FA-D27C-45E4-8241-150D21A2B24F}.Debug|Any CPU.ActiveCfg = Debug|Any CPU
		{5813B0FA-D27C-45E4-8241-150D21A2B24F}.Debug|Any CPU.Build.0 = Debug|Any CPU
		{5813B0FA-D27C-45E4-8241-150D21A2B24F}.Release|Any CPU.ActiveCfg = Release|Any CPU
		{5813B0FA-D27C-45E4-8241-150D21A2B24F}.Release|Any CPU.Build.0 = Release|Any CPU
		{452DF841-7A3E-42CE-81A3-EE3690393F24}.Debug|Any CPU.ActiveCfg = Debug|Any CPU
		{452DF841-7A3E-42CE-81A3-EE3690393F24}.Debug|Any CPU.Build.0 = Debug|Any CPU
		{452DF841-7A3E-42CE-81A3-EE3690393F24}.Release|Any CPU.ActiveCfg = Release|Any CPU
		{452DF841-7A3E-42CE-81A3-EE3690393F24}.Release|Any CPU.Build.0 = Release|Any CPU
	EndGlobalSection
	GlobalSection(SolutionProperties) = preSolution
		HideSolutionNode = FALSE
	EndGlobalSection
	GlobalSection(ExtensibilityGlobals) = postSolution
		SolutionGuid = {E82625C3-A837-4524-836C-10639AA703C1}
	EndGlobalSection
EndGlobal
